
Microsoft Visual Studio Solution File, Format Version 12.00
# Visual Studio Version 17
VisualStudioVersion = 17.14.36603.0 d17.14
MinimumVisualStudioVersion = 10.0.40219.1
Project("{FAE04EC0-301F-11D3-BF4B-00C04F79EFBC}") = "flat_files", "flat_files\flat_files.csproj", "{574CDFCD-441F-46C4-9674-91197A150F14}"
EndProject
Project("{FAE04EC0-301F-11D3-BF4B-00C04F79EFBC}") = "PlainFile.core", "PlainFile.core\PlainFile.core.csproj", "{AD9F2ED2-261E-4150-84CE-9FE93C76F7FF}"
EndProject
Global
	GlobalSection(SolutionConfigurationPlatforms) = preSolution
		Debug|Any CPU = Debug|Any CPU
		Release|Any CPU = Release|Any CPU
	EndGlobalSection
	GlobalSection(ProjectConfigurationPlatforms) = postSolution
		{574CDFCD-441F-46C4-9674-91197A150F14}.Debug|Any CPU.ActiveCfg = Debug|Any CPU
		{574CDFCD-441F-46C4-9674-91197A150F14}.Debug|Any CPU.Build.0 = Debug|Any CPU
		{574CDFCD-441F-46C4-9674-91197A150F14}.Release|Any CPU.ActiveCfg = Release|Any CPU
		{574CDFCD-441F-46C4-9674-91197A150F14}.Release|Any CPU.Build.0 = Release|Any CPU
		{AD9F2ED2-261E-4150-84CE-9FE93C76F7FF}.Debug|Any CPU.ActiveCfg = Debug|Any CPU
		{AD9F2ED2-261E-4150-84CE-9FE93C76F7FF}.Debug|Any CPU.Build.0 = Debug|Any CPU
		{AD9F2ED2-261E-4150-84CE-9FE93C76F7FF}.Release|Any CPU.ActiveCfg = Release|Any CPU
		{AD9F2ED2-261E-4150-84CE-9FE93C76F7FF}.Release|Any CPU.Build.0 = Release|Any CPU
	EndGlobalSection
	GlobalSection(SolutionProperties) = preSolution
		HideSolutionNode = FALSE
	EndGlobalSection
	GlobalSection(ExtensibilityGlobals) = postSolution
		SolutionGuid = {58CFB70D-5383-4A4C-A97A-9D96B8DB236D}
	EndGlobalSection
EndGlobal
